
Microsoft Visual Studio Solution File, Format Version 12.00
# Visual Studio Version 16
VisualStudioVersion = 16.0.29123.88
MinimumVisualStudioVersion = 10.0.40219.1
Project("{FAE04EC0-301F-11D3-BF4B-00C04F79EFBC}") = "Akshay_06_task3", "Akshay_06_task3\Akshay_06_task3.csproj", "{BACFDF81-9457-4310-A078-F922C58225CA}"
EndProject
Global
	GlobalSection(SolutionConfigurationPlatforms) = preSolution
		Debug|Any CPU = Debug|Any CPU
		Release|Any CPU = Release|Any CPU
	EndGlobalSection
	GlobalSection(ProjectConfigurationPlatforms) = postSolution
		{BACFDF81-9457-4310-A078-F922C58225CA}.Debug|Any CPU.ActiveCfg = Debug|Any CPU
		{BACFDF81-9457-4310-A078-F922C58225CA}.Debug|Any CPU.Build.0 = Debug|Any CPU
		{BACFDF81-9457-4310-A078-F922C58225CA}.Release|Any CPU.ActiveCfg = Release|Any CPU
		{BACFDF81-9457-4310-A078-F922C58225CA}.Release|Any CPU.Build.0 = Release|Any CPU
	EndGlobalSection
	GlobalSection(SolutionProperties) = preSolution
		HideSolutionNode = FALSE
	EndGlobalSection
	GlobalSection(ExtensibilityGlobals) = postSolution
		SolutionGuid = {1C866F81-B069-4C7A-BC6E-F27D074EFEEF}
	EndGlobalSection
EndGlobal
